
Microsoft Visual Studio Solution File, Format Version 12.00
# Visual Studio Version 16
VisualStudioVersion = 16.0.28803.352
MinimumVisualStudioVersion = 10.0.40219.1
Project("{FAE04EC0-301F-11D3-BF4B-00C04F79EFBC}") = "iut.GestionCaisseInterBDE.Wpf", "iut.GestionCaisseInterBDE.Wpf\iut.GestionCaisseInterBDE.Wpf.csproj", "{33B28758-5BA9-4653-9FB6-FF18FDF0CE81}"
EndProject
Project("{FAE04EC0-301F-11D3-BF4B-00C04F79EFBC}") = "iut.GestionCaisseInterBDE.Persistance", "iut.GestionCaisseInterBDE.Persistance\iut.GestionCaisseInterBDE.Persistance.csproj", "{8501E6E7-70F1-4BB5-BC53-5247EBBE059B}"
EndProject
Project("{FAE04EC0-301F-11D3-BF4B-00C04F79EFBC}") = "iut.GestionCaisseInterBDE.Models", "iut.GestionCaisseInterBDE.Models\iut.GestionCaisseInterBDE.Models.csproj", "{4270684A-EC74-4449-B7C0-3874A9BDF457}"
EndProject
Project("{FAE04EC0-301F-11D3-BF4B-00C04F79EFBC}") = "iut.GestionCaisseInterBDE.Utilities", "iut.GestionCaisseInterBDE.Utilities\iut.GestionCaisseInterBDE.Utilities.csproj", "{3E61B5F7-0D51-4C11-836B-B9961119355A}"
EndProject
Global
	GlobalSection(SolutionConfigurationPlatforms) = preSolution
		Debug|Any CPU = Debug|Any CPU
		Debug|x64 = Debug|x64
		Release|Any CPU = Release|Any CPU
		Release|x64 = Release|x64
	EndGlobalSection
	GlobalSection(ProjectConfigurationPlatforms) = postSolution
		{33B28758-5BA9-4653-9FB6-FF18FDF0CE81}.Debug|Any CPU.ActiveCfg = Debug|Any CPU
		{33B28758-5BA9-4653-9FB6-FF18FDF0CE81}.Debug|Any CPU.Build.0 = Debug|Any CPU
		{33B28758-5BA9-4653-9FB6-FF18FDF0CE81}.Debug|x64.ActiveCfg = Debug|Any CPU
		{33B28758-5BA9-4653-9FB6-FF18FDF0CE81}.Debug|x64.Build.0 = Debug|Any CPU
		{33B28758-5BA9-4653-9FB6-FF18FDF0CE81}.Release|Any CPU.ActiveCfg = Release|Any CPU
		{33B28758-5BA9-4653-9FB6-FF18FDF0CE81}.Release|Any CPU.Build.0 = Release|Any CPU
		{33B28758-5BA9-4653-9FB6-FF18FDF0CE81}.Release|x64.ActiveCfg = Release|Any CPU
		{33B28758-5BA9-4653-9FB6-FF18FDF0CE81}.Release|x64.Build.0 = Release|Any CPU
		{8501E6E7-70F1-4BB5-BC53-5247EBBE059B}.Debug|Any CPU.ActiveCfg = Debug|Any CPU
		{8501E6E7-70F1-4BB5-BC53-5247EBBE059B}.Debug|Any CPU.Build.0 = Debug|Any CPU
		{8501E6E7-70F1-4BB5-BC53-5247EBBE059B}.Debug|x64.ActiveCfg = Debug|Any CPU
		{8501E6E7-70F1-4BB5-BC53-5247EBBE059B}.Debug|x64.Build.0 = Debug|Any CPU
		{8501E6E7-70F1-4BB5-BC53-5247EBBE059B}.Release|Any CPU.ActiveCfg = Release|Any CPU
		{8501E6E7-70F1-4BB5-BC53-5247EBBE059B}.Release|Any CPU.Build.0 = Release|Any CPU
		{8501E6E7-70F1-4BB5-BC53-5247EBBE059B}.Release|x64.ActiveCfg = Release|Any CPU
		{8501E6E7-70F1-4BB5-BC53-5247EBBE059B}.Release|x64.Build.0 = Release|Any CPU
		{4270684A-EC74-4449-B7C0-3874A9BDF457}.Debug|Any CPU.ActiveCfg = Debug|Any CPU
		{4270684A-EC74-4449-B7C0-3874A9BDF457}.Debug|Any CPU.Build.0 = Debug|Any CPU
		{4270684A-EC74-4449-B7C0-3874A9BDF457}.Debug|x64.ActiveCfg = Debug|Any CPU
		{4270684A-EC74-4449-B7C0-3874A9BDF457}.Debug|x64.Build.0 = Debug|Any CPU
		{4270684A-EC74-4449-B7C0-3874A9BDF457}.Release|Any CPU.ActiveCfg = Release|Any CPU
		{4270684A-EC74-4449-B7C0-3874A9BDF457}.Release|Any CPU.Build.0 = Release|Any CPU
		{4270684A-EC74-4449-B7C0-3874A9BDF457}.Release|x64.ActiveCfg = Release|Any CPU
		{4270684A-EC74-4449-B7C0-3874A9BDF457}.Release|x64.Build.0 = Release|Any CPU
		{3E61B5F7-0D51-4C11-836B-B9961119355A}.Debug|Any CPU.ActiveCfg = Debug|Any CPU
		{3E61B5F7-0D51-4C11-836B-B9961119355A}.Debug|Any CPU.Build.0 = Debug|Any CPU
		{3E61B5F7-0D51-4C11-836B-B9961119355A}.Debug|x64.ActiveCfg = Debug|Any CPU
		{3E61B5F7-0D51-4C11-836B-B9961119355A}.Debug|x64.Build.0 = Debug|Any CPU
		{3E61B5F7-0D51-4C11-836B-B9961119355A}.Release|Any CPU.ActiveCfg = Release|Any CPU
		{3E61B5F7-0D51-4C11-836B-B9961119355A}.Release|Any CPU.Build.0 = Release|Any CPU
		{3E61B5F7-0D51-4C11-836B-B9961119355A}.Release|x64.ActiveCfg = Release|Any CPU
		{3E61B5F7-0D51-4C11-836B-B9961119355A}.Release|x64.Build.0 = Release|Any CPU
	EndGlobalSection
	GlobalSection(SolutionProperties) = preSolution
		HideSolutionNode = FALSE
	EndGlobalSection
	GlobalSection(ExtensibilityGlobals) = postSolution
		SolutionGuid = {D8EE7ECA-8C6B-4C6F-9011-2EF178EBF39A}
	EndGlobalSection
EndGlobal
